
Microsoft Visual Studio Solution File, Format Version 12.00
# Visual Studio Version 17
VisualStudioVersion = 17.14.36203.30 d17.14
MinimumVisualStudioVersion = 10.0.40219.1
Project("{FAE04EC0-301F-11D3-BF4B-00C04F79EFBC}") = "Gibet_Autoservice", "Gibet_Autoservice\Gibet_Autoservice.csproj", "{EAEFDFA0-B3C4-44D9-860F-5FB4739A47F9}"
EndProject
Global
	GlobalSection(SolutionConfigurationPlatforms) = preSolution
		Debug|Any CPU = Debug|Any CPU
		Release|Any CPU = Release|Any CPU
	EndGlobalSection
	GlobalSection(ProjectConfigurationPlatforms) = postSolution
		{EAEFDFA0-B3C4-44D9-860F-5FB4739A47F9}.Debug|Any CPU.ActiveCfg = Debug|Any CPU
		{EAEFDFA0-B3C4-44D9-860F-5FB4739A47F9}.Debug|Any CPU.Build.0 = Debug|Any CPU
		{EAEFDFA0-B3C4-44D9-860F-5FB4739A47F9}.Release|Any CPU.ActiveCfg = Release|Any CPU
		{EAEFDFA0-B3C4-44D9-860F-5FB4739A47F9}.Release|Any CPU.Build.0 = Release|Any CPU
	EndGlobalSection
	GlobalSection(SolutionProperties) = preSolution
		HideSolutionNode = FALSE
	EndGlobalSection
	GlobalSection(ExtensibilityGlobals) = postSolution
		SolutionGuid = {7FB4F927-EFAE-44B8-988E-1F718FEFF00F}
	EndGlobalSection
EndGlobal
